
Microsoft Visual Studio Solution File, Format Version 12.00
# Visual Studio Version 17
VisualStudioVersion = 17.14.36327.8 d17.14
MinimumVisualStudioVersion = 10.0.40219.1
Project("{FAE04EC0-301F-11D3-BF4B-00C04F79EFBC}") = "AuditFlow.API", "src\AuditFlow.API\AuditFlow.API.csproj", "{DA120F3C-86B8-4E53-AD31-9F2E2580BC2D}"
EndProject
Global
	GlobalSection(SolutionConfigurationPlatforms) = preSolution
		Debug|Any CPU = Debug|Any CPU
		Release|Any CPU = Release|Any CPU
	EndGlobalSection
	GlobalSection(ProjectConfigurationPlatforms) = postSolution
		{DA120F3C-86B8-4E53-AD31-9F2E2580BC2D}.Debug|Any CPU.ActiveCfg = Debug|Any CPU
		{DA120F3C-86B8-4E53-AD31-9F2E2580BC2D}.Debug|Any CPU.Build.0 = Debug|Any CPU
		{DA120F3C-86B8-4E53-AD31-9F2E2580BC2D}.Release|Any CPU.ActiveCfg = Release|Any CPU
		{DA120F3C-86B8-4E53-AD31-9F2E2580BC2D}.Release|Any CPU.Build.0 = Release|Any CPU
	EndGlobalSection
	GlobalSection(SolutionProperties) = preSolution
		HideSolutionNode = FALSE
	EndGlobalSection
	GlobalSection(ExtensibilityGlobals) = postSolution
		SolutionGuid = {CACF8138-E1ED-4457-B629-8CB5052C033E}
	EndGlobalSection
EndGlobal
